// !$*UTF8*$!
{
	archiveVersion = 1;
	classes = {
	};
	objectVersion = 46;
	objects = {

/* Begin PBXBuildFile section */
		8000D6871C9D18DB006321CE /* main.cpp in Sources */ = {isa = PBXBuildFile; fileRef = 8000D6841C9D18DB006321CE /* main.cpp */; };
/* End PBXBuildFile section */

/* Begin PBXCopyFilesBuildPhase section */
		8000D6701C9D17C8006321CE /* CopyFiles */ = {
			isa = PBXCopyFilesBuildPhase;
			buildActionMask = 2147483647;
			dstPath = /usr/share/man/man1/;
			dstSubfolderSpec = 0;
			files = (
			);
			runOnlyForDeploymentPostprocessing = 1;
		};
/* End PBXCopyFilesBuildPhase section */

/* Begin PBXFileReference section */
		8000D6721C9D17C8006321CE /* Vector */ = {isa = PBXFileReference; explicitFileType = "compiled.mach-o.executable"; includeInIndex = 0; path = Vector; sourceTree = BUILT_PRODUCTS_DIR; };
		8000D6841C9D18DB006321CE /* main.cpp */ = {isa = PBXFileReference; fileEncoding = 4; lastKnownFileType = sourcecode.cpp.cpp; name = main.cpp; path = "../../../../../../../ECE30862_JAVA_C++/HWs/HW14/SetRealization/main.cpp"; sourceTree = "<group>"; };
		8000D6851C9D18DB006321CE /* SetPartA.h */ = {isa = PBXFileReference; fileEncoding = 4; lastKnownFileType = sourcecode.c.h; name = SetPartA.h; path = "../../../../../../../ECE30862_JAVA_C++/HWs/HW14/SetRealization/SetPartA.h"; sourceTree = "<group>"; };
		8000D6861C9D18DB006321CE /* SetPartB.h */ = {isa = PBXFileReference; fileEncoding = 4; lastKnownFileType = sourcecode.c.h; name = SetPartB.h; path = "../../../../../../../ECE30862_JAVA_C++/HWs/HW14/SetRealization/SetPartB.h"; sourceTree = "<group>"; };
		8000D6881C9D1990006321CE /* Vector.h */ = {isa = PBXFileReference; fileEncoding = 4; lastKnownFileType = sourcecode.c.h; path = Vector.h; sourceTree = "<group>"; };
/* End PBXFileReference section */

/* Begin PBXFrameworksBuildPhase section */
		8000D66F1C9D17C8006321CE /* Frameworks */ = {
			isa = PBXFrameworksBuildPhase;
			buildActionMask = 2147483647;
			files = (
			);
			runOnlyForDeploymentPostprocessing = 0;
		};
/* End PBXFrameworksBuildPhase section */

/* Begin PBXGroup section */
		8000D6691C9D17C8006321CE = {
			isa = PBXGroup;
			children = (
				8000D6741C9D17C8006321CE /* Vector */,
				8000D6731C9D17C8006321CE /* Products */,
			);
			sourceTree = "<group>";
		};
		8000D6731C9D17C8006321CE /* Products */ = {
			isa = PBXGroup;
			children = (
				8000D6721C9D17C8006321CE /* Vector */,
			);
			name = Products;
			sourceTree = "<group>";
		};
		8000D6741C9D17C8006321CE /* Vector */ = {
			isa = PBXGroup;
			children = (
				8000D6841C9D18DB006321CE /* main.cpp */,
				8000D6851C9D18DB006321CE /* SetPartA.h */,
				8000D6861C9D18DB006321CE /* SetPartB.h */,
				8000D6881C9D1990006321CE /* Vector.h */,
			);
			path = Vector;
			sourceTree = "<group>";
		};
/* End PBXGroup section */

/* Begin PBXNativeTarget section */
		8000D6711C9D17C8006321CE /* Vector */ = {
			isa = PBXNativeTarget;
			buildConfigurationList = 8000D6791C9D17C8006321CE /* Build configuration list for PBXNativeTarget "Vector" */;
			buildPhases = (
				8000D66E1C9D17C8006321CE /* Sources */,
				8000D66F1C9D17C8006321CE /* Frameworks */,
				8000D6701C9D17C8006321CE /* CopyFiles */,
			);
			buildRules = (
			);
			dependencies = (
			);
			name = Vector;
			productName = Vector;
			productReference = 8000D6721C9D17C8006321CE /* Vector */;
			productType = "com.apple.product-type.tool";
		};
/* End PBXNativeTarget section */

/* Begin PBXProject section */
		8000D66A1C9D17C8006321CE /* Project object */ = {
			isa = PBXProject;
			attributes = {
				LastUpgradeCheck = 0720;
				ORGANIZATIONNAME = "Tian Qiu";
				TargetAttributes = {
					8000D6711C9D17C8006321CE = {
						CreatedOnToolsVersion = 7.2.1;
					};
				};
			};
			buildConfigurationList = 8000D66D1C9D17C8006321CE /* Build configuration list for PBXProject "Vector" */;
			compatibilityVersion = "Xcode 3.2";
			developmentRegion = English;
			hasScannedForEncodings = 0;
			knownRegions = (
				en,
			);
			mainGroup = 8000D6691C9D17C8006321CE;
			productRefGroup = 8000D6731C9D17C8006321CE /* Products */;
			projectDirPath = "";
			projectRoot = "";
			targets = (
				8000D6711C9D17C8006321CE /* Vector */,
			);
		};
/* End PBXProject section */

/* Begin PBXSourcesBuildPhase section */
		8000D66E1C9D17C8006321CE /* Sources */ = {
			isa = PBXSourcesBuildPhase;
			buildActionMask = 2147483647;
			files = (
				8000D6871C9D18DB006321CE /* main.cpp in Sources */,
			);
			runOnlyForDeploymentPostprocessing = 0;
		};
/* End PBXSourcesBuildPhase section */

/* Begin XCBuildConfiguration section */
		8000D6771C9D17C8006321CE /* Debug */ = {
			isa = XCBuildConfiguration;
			buildSettings = {
				ALWAYS_SEARCH_USER_PATHS = NO;
				CLANG_CXX_LANGUAGE_STANDARD = "gnu++0x";
				CLANG_CXX_LIBRARY = "libc++";
				CLANG_ENABLE_MODULES = YES;
				CLANG_ENABLE_OBJC_ARC = YES;
				CLANG_WARN_BOOL_CONVERSION = YES;
				CLANG_WARN_CONSTANT_CONVERSION = YES;
				CLANG_WARN_DIRECT_OBJC_ISA_USAGE = YES_ERROR;
				CLANG_WARN_EMPTY_BODY = YES;
				CLANG_WARN_ENUM_CONVERSION = YES;
				CLANG_WARN_INT_CONVERSION = YES;
				CLANG_WARN_OBJC_ROOT_CLASS = YES_ERROR;
				CLANG_WARN_UNREACHABLE_CODE = YES;
				CLANG_WARN__DUPLICATE_METHOD_MATCH = YES;
				CODE_SIGN_IDENTITY = "-";
				COPY_PHASE_STRIP = NO;
				DEBUG_INFORMATION_FORMAT = dwarf;
				ENABLE_STRICT_OBJC_MSGSEND = YES;
				ENABLE_TESTABILITY = YES;
				GCC_C_LANGUAGE_STANDARD = gnu99;
				GCC_DYNAMIC_NO_PIC = NO;
				GCC_NO_COMMON_BLOCKS = YES;
				GCC_OPTIMIZATION_LEVEL = 0;
				GCC_PREPROCESSOR_DEFINITIONS = (
					"DEBUG=1",
					"$(inherited)",
				);
				GCC_WARN_64_TO_32_BIT_CONVERSION = YES;
				GCC_WARN_ABOUT_RETURN_TYPE = YES_ERROR;
				GCC_WARN_UNDECLARED_SELECTOR = YES;
				GCC_WARN_UNINITIALIZED_AUTOS = YES_AGGRESSIVE;
				GCC_WARN_UNUSED_FUNCTION = YES;
				GCC_WARN_UNUSED_VARIABLE = YES;
				MACOSX_DEPLOYMENT_TARGET = 10.11;
				MTL_ENABLE_DEBUG_INFO = YES;
				ONLY_ACTIVE_ARCH = YES;
				SDKROOT = macosx;
			};
			name = Debug;
		};
		8000D6781C9D17C8006321CE /* Release */ = {
			isa = XCBuildConfiguration;
			buildSettings = {
				ALWAYS_SEARCH_USER_PATHS = NO;
				CLANG_CXX_LANGUAGE_STANDARD = "gnu++0x";
				CLANG_CXX_LIBRARY = "libc++";
				CLANG_ENABLE_MODULES = YES;
				CLANG_ENABLE_OBJC_ARC = YES;
				CLANG_WARN_BOOL_CONVERSION = YES;
				CLANG_WARN_CONSTANT_CONVERSION = YES;
				CLANG_WARN_DIRECT_OBJC_ISA_USAGE = YES_ERROR;
				CLANG_WARN_EMPTY_BODY = YES;
				CLANG_WARN_ENUM_CONVERSION = YES;
				CLANG_WARN_INT_CONVERSION = YES;
				CLANG_WARN_OBJC_ROOT_CLASS = YES_ERROR;
				CLANG_WARN_UNREACHABLE_CODE = YES;
				CLANG_WARN__DUPLICATE_METHOD_MATCH = YES;
				CODE_SIGN_IDENTITY = "-";
				COPY_PHASE_STRIP = NO;
				DEBUG_INFORMATION_FORMAT = "dwarf-with-dsym";
				ENABLE_NS_ASSERTIONS = NO;
				ENABLE_STRICT_OBJC_MSGSEND = YES;
				GCC_C_LANGUAGE_STANDARD = gnu99;
				GCC_NO_COMMON_BLOCKS = YES;
				GCC_WARN_64_TO_32_BIT_CONVERSION = YES;
				GCC_WARN_ABOUT_RETURN_TYPE = YES_ERROR;
				GCC_WARN_UNDECLARED_SELECTOR = YES;
				GCC_WARN_UNINITIALIZED_AUTOS = YES_AGGRESSIVE;
				GCC_WARN_UNUSED_FUNCTION = YES;
				GCC_WARN_UNUSED_VARIABLE = YES;
				MACOSX_DEPLOYMENT_TARGET = 10.11;
				MTL_ENABLE_DEBUG_INFO = NO;
				SDKROOT = macosx;
			};
			name = Release;
		};
		8000D67A1C9D17C8006321CE /* Debug */ = {
			isa = XCBuildConfiguration;
			buildSettings = {
				PRODUCT_NAME = "$(TARGET_NAME)";
			};
			name = Debug;
		};
		8000D67B1C9D17C8006321CE /* Release */ = {
			isa = XCBuildConfiguration;
			buildSettings = {
				PRODUCT_NAME = "$(TARGET_NAME)";
			};
			name = Release;
		};
/* End XCBuildConfiguration section */

/* Begin XCConfigurationList section */
		8000D66D1C9D17C8006321CE /* Build configuration list for PBXProject "Vector" */ = {
			isa = XCConfigurationList;
			buildConfigurations = (
				8000D6771C9D17C8006321CE /* Debug */,
				8000D6781C9D17C8006321CE /* Release */,
			);
			defaultConfigurationIsVisible = 0;
			defaultConfigurationName = Release;
		};
		8000D6791C9D17C8006321CE /* Build configuration list for PBXNativeTarget "Vector" */ = {
			isa = XCConfigurationList;
			buildConfigurations = (
				8000D67A1C9D17C8006321CE /* Debug */,
				8000D67B1C9D17C8006321CE /* Release */,
			);
			defaultConfigurationIsVisible = 0;
		};
/* End XCConfigurationList section */
	};
	rootObject = 8000D66A1C9D17C8006321CE /* Project object */;
}
